
Microsoft Visual Studio Solution File, Format Version 12.00
# Visual Studio 15
VisualStudioVersion = 15.0.28307.329
MinimumVisualStudioVersion = 10.0.40219.1
Project("{FAE04EC0-301F-11D3-BF4B-00C04F79EFBC}") = "ComplexSystems.Test", "ComplexSystems.Test\ComplexSystems.Test.csproj", "{BF61DAAA-F65E-42BE-A7EE-069CBAA120AF}"
EndProject
Project("{2150E333-8FDC-42A3-9474-1A3956D46DE8}") = "Solution Items", "Solution Items", "{F54D7FFF-AD18-4E13-BE80-CD30A3A37B43}"
	ProjectSection(SolutionItems) = preProject
		README.md = README.md
	EndProjectSection
EndProject
Global
	GlobalSection(SolutionConfigurationPlatforms) = preSolution
		Debug|Any CPU = Debug|Any CPU
		Release|Any CPU = Release|Any CPU
	EndGlobalSection
	GlobalSection(ProjectConfigurationPlatforms) = postSolution
		{BF61DAAA-F65E-42BE-A7EE-069CBAA120AF}.Debug|Any CPU.ActiveCfg = Debug|Any CPU
		{BF61DAAA-F65E-42BE-A7EE-069CBAA120AF}.Debug|Any CPU.Build.0 = Debug|Any CPU
		{BF61DAAA-F65E-42BE-A7EE-069CBAA120AF}.Release|Any CPU.ActiveCfg = Release|Any CPU
		{BF61DAAA-F65E-42BE-A7EE-069CBAA120AF}.Release|Any CPU.Build.0 = Release|Any CPU
	EndGlobalSection
	GlobalSection(SolutionProperties) = preSolution
		HideSolutionNode = FALSE
	EndGlobalSection
	GlobalSection(ExtensibilityGlobals) = postSolution
		SolutionGuid = {822FFA00-053E-4BB1-9FC3-E0E2E7C0BBCC}
	EndGlobalSection
EndGlobal
